
Microsoft Visual Studio Solution File, Format Version 12.00
# Visual Studio 15
VisualStudioVersion = 15.0.27703.2000
MinimumVisualStudioVersion = 10.0.40219.1
Project("{9A19103F-16F7-4668-BE54-9A1E7A4F7556}") = "NNRobot", "NNRobot\NNRobot.csproj", "{BC8D7177-0218-4D7F-9599-974750D42364}"
EndProject
Project("{FAE04EC0-301F-11D3-BF4B-00C04F79EFBC}") = "Actor", "Actor\Actor.csproj", "{F5D060AE-828D-4361-BB32-75B40C50D076}"
EndProject
Global
	GlobalSection(SolutionConfigurationPlatforms) = preSolution
		Debug|Any CPU = Debug|Any CPU
		Release|Any CPU = Release|Any CPU
	EndGlobalSection
	GlobalSection(ProjectConfigurationPlatforms) = postSolution
		{BC8D7177-0218-4D7F-9599-974750D42364}.Debug|Any CPU.ActiveCfg = Debug|Any CPU
		{BC8D7177-0218-4D7F-9599-974750D42364}.Debug|Any CPU.Build.0 = Debug|Any CPU
		{BC8D7177-0218-4D7F-9599-974750D42364}.Release|Any CPU.ActiveCfg = Release|Any CPU
		{BC8D7177-0218-4D7F-9599-974750D42364}.Release|Any CPU.Build.0 = Release|Any CPU
		{F5D060AE-828D-4361-BB32-75B40C50D076}.Debug|Any CPU.ActiveCfg = Debug|Any CPU
		{F5D060AE-828D-4361-BB32-75B40C50D076}.Debug|Any CPU.Build.0 = Debug|Any CPU
		{F5D060AE-828D-4361-BB32-75B40C50D076}.Release|Any CPU.ActiveCfg = Release|Any CPU
		{F5D060AE-828D-4361-BB32-75B40C50D076}.Release|Any CPU.Build.0 = Release|Any CPU
	EndGlobalSection
	GlobalSection(SolutionProperties) = preSolution
		HideSolutionNode = FALSE
	EndGlobalSection
	GlobalSection(ExtensibilityGlobals) = postSolution
		SolutionGuid = {27D47466-D9D9-4E30-A8F4-55FB6E0EBC18}
	EndGlobalSection
EndGlobal
